
Microsoft Visual Studio Solution File, Format Version 12.00
# Visual Studio 15
VisualStudioVersion = 15.0.28307.271
MinimumVisualStudioVersion = 10.0.40219.1
Project("{FAE04EC0-301F-11D3-BF4B-00C04F79EFBC}") = "ListsAndDictionaries", "ListsAndDictionaries\ListsAndDictionaries.csproj", "{D05E4046-7EFD-4500-8ABB-B759273D195C}"
EndProject
Global
	GlobalSection(SolutionConfigurationPlatforms) = preSolution
		Debug|Any CPU = Debug|Any CPU
		Release|Any CPU = Release|Any CPU
	EndGlobalSection
	GlobalSection(ProjectConfigurationPlatforms) = postSolution
		{D05E4046-7EFD-4500-8ABB-B759273D195C}.Debug|Any CPU.ActiveCfg = Debug|Any CPU
		{D05E4046-7EFD-4500-8ABB-B759273D195C}.Debug|Any CPU.Build.0 = Debug|Any CPU
		{D05E4046-7EFD-4500-8ABB-B759273D195C}.Release|Any CPU.ActiveCfg = Release|Any CPU
		{D05E4046-7EFD-4500-8ABB-B759273D195C}.Release|Any CPU.Build.0 = Release|Any CPU
	EndGlobalSection
	GlobalSection(SolutionProperties) = preSolution
		HideSolutionNode = FALSE
	EndGlobalSection
	GlobalSection(ExtensibilityGlobals) = postSolution
		SolutionGuid = {94087888-2DD0-4527-A9B1-0F8208DD6DA0}
	EndGlobalSection
EndGlobal
